
Microsoft Visual Studio Solution File, Format Version 12.00
# Visual Studio Version 16
VisualStudioVersion = 16.0.30523.141
MinimumVisualStudioVersion = 10.0.40219.1
Project("{FAE04EC0-301F-11D3-BF4B-00C04F79EFBC}") = "App Launcher", "App Launcher\App Launcher.csproj", "{5ACC1712-DE66-49D9-935F-973BF40A68D2}"
EndProject
Global
	GlobalSection(SolutionConfigurationPlatforms) = preSolution
		Debug|Any CPU = Debug|Any CPU
		Release|Any CPU = Release|Any CPU
	EndGlobalSection
	GlobalSection(ProjectConfigurationPlatforms) = postSolution
		{5ACC1712-DE66-49D9-935F-973BF40A68D2}.Debug|Any CPU.ActiveCfg = Debug|Any CPU
		{5ACC1712-DE66-49D9-935F-973BF40A68D2}.Debug|Any CPU.Build.0 = Debug|Any CPU
		{5ACC1712-DE66-49D9-935F-973BF40A68D2}.Release|Any CPU.ActiveCfg = Release|Any CPU
		{5ACC1712-DE66-49D9-935F-973BF40A68D2}.Release|Any CPU.Build.0 = Release|Any CPU
	EndGlobalSection
	GlobalSection(SolutionProperties) = preSolution
		HideSolutionNode = FALSE
	EndGlobalSection
	GlobalSection(ExtensibilityGlobals) = postSolution
		SolutionGuid = {D033C01F-C35B-442B-9F58-AA65CF711E40}
	EndGlobalSection
EndGlobal
